
Microsoft Visual Studio Solution File, Format Version 12.00
# Visual Studio Version 16
VisualStudioVersion = 16.0.30517.126
MinimumVisualStudioVersion = 10.0.40219.1
Project("{8BC9CEB8-8B4A-11D0-8D11-00A0C91BC942}") = "OXOXOXO", "OXOXOXO\OXOXOXO.vcxproj", "{574BE01C-CDBA-4D24-91F9-5DE3DB15EAF1}"
EndProject
Global
	GlobalSection(SolutionConfigurationPlatforms) = preSolution
		Debug|x64 = Debug|x64
		Debug|x86 = Debug|x86
		Release|x64 = Release|x64
		Release|x86 = Release|x86
	EndGlobalSection
	GlobalSection(ProjectConfigurationPlatforms) = postSolution
		{574BE01C-CDBA-4D24-91F9-5DE3DB15EAF1}.Debug|x64.ActiveCfg = Debug|x64
		{574BE01C-CDBA-4D24-91F9-5DE3DB15EAF1}.Debug|x64.Build.0 = Debug|x64
		{574BE01C-CDBA-4D24-91F9-5DE3DB15EAF1}.Debug|x86.ActiveCfg = Debug|Win32
		{574BE01C-CDBA-4D24-91F9-5DE3DB15EAF1}.Debug|x86.Build.0 = Debug|Win32
		{574BE01C-CDBA-4D24-91F9-5DE3DB15EAF1}.Release|x64.ActiveCfg = Release|x64
		{574BE01C-CDBA-4D24-91F9-5DE3DB15EAF1}.Release|x64.Build.0 = Release|x64
		{574BE01C-CDBA-4D24-91F9-5DE3DB15EAF1}.Release|x86.ActiveCfg = Release|Win32
		{574BE01C-CDBA-4D24-91F9-5DE3DB15EAF1}.Release|x86.Build.0 = Release|Win32
	EndGlobalSection
	GlobalSection(SolutionProperties) = preSolution
		HideSolutionNode = FALSE
	EndGlobalSection
	GlobalSection(ExtensibilityGlobals) = postSolution
		SolutionGuid = {133A01C4-2622-4352-B255-404FE09826CB}
	EndGlobalSection
EndGlobal
